// !$*UTF8*$!
{
	archiveVersion = 1;
	classes = {
	};
	objectVersion = 56;
	objects = {

/* Begin PBXBuildFile section */
		ACAC965D2A4F5F6B003445B3 /* CryptoApp.swift in Sources */ = {isa = PBXBuildFile; fileRef = ACAC965C2A4F5F6B003445B3 /* CryptoApp.swift */; };
		ACAC965F2A4F5F6B003445B3 /* ContentView.swift in Sources */ = {isa = PBXBuildFile; fileRef = ACAC965E2A4F5F6B003445B3 /* ContentView.swift */; };
		ACAC96612A4F5F6C003445B3 /* Assets.xcassets in Resources */ = {isa = PBXBuildFile; fileRef = ACAC96602A4F5F6C003445B3 /* Assets.xcassets */; };
		ACAC96642A4F5F6C003445B3 /* Preview Assets.xcassets in Resources */ = {isa = PBXBuildFile; fileRef = ACAC96632A4F5F6C003445B3 /* Preview Assets.xcassets */; };
		ACAC966C2A4F61D1003445B3 /* Color.swift in Sources */ = {isa = PBXBuildFile; fileRef = ACAC966B2A4F61D1003445B3 /* Color.swift */; };
		ACAC96722A4F666C003445B3 /* HomeView.swift in Sources */ = {isa = PBXBuildFile; fileRef = ACAC96712A4F666C003445B3 /* HomeView.swift */; };
		ACAC96762A4F6803003445B3 /* CircleButtonView.swift in Sources */ = {isa = PBXBuildFile; fileRef = ACAC96752A4F6803003445B3 /* CircleButtonView.swift */; };
		ACAC96782A4F6C0F003445B3 /* CircleButtonAnimationView.swift in Sources */ = {isa = PBXBuildFile; fileRef = ACAC96772A4F6C0F003445B3 /* CircleButtonAnimationView.swift */; };
		ACAC967B2A4F72D3003445B3 /* CoinModel.swift in Sources */ = {isa = PBXBuildFile; fileRef = ACAC967A2A4F72D3003445B3 /* CoinModel.swift */; };
		ACAC967D2A4F81D8003445B3 /* CoinRowView.swift in Sources */ = {isa = PBXBuildFile; fileRef = ACAC967C2A4F81D8003445B3 /* CoinRowView.swift */; };
		ACAC967F2A4F828A003445B3 /* PreviewProvider.swift in Sources */ = {isa = PBXBuildFile; fileRef = ACAC967E2A4F828A003445B3 /* PreviewProvider.swift */; };
		ACAC96812A4F885A003445B3 /* Double.swift in Sources */ = {isa = PBXBuildFile; fileRef = ACAC96802A4F885A003445B3 /* Double.swift */; };
		ACAC96FA2A50E0FF003445B3 /* HomeViewModel.swift in Sources */ = {isa = PBXBuildFile; fileRef = ACAC96F92A50E0FF003445B3 /* HomeViewModel.swift */; };
		ACAC96FD2A50E961003445B3 /* CoinDataService.swift in Sources */ = {isa = PBXBuildFile; fileRef = ACAC96FC2A50E961003445B3 /* CoinDataService.swift */; };
/* End PBXBuildFile section */

/* Begin PBXFileReference section */
		ACAC96592A4F5F6B003445B3 /* Crypto.app */ = {isa = PBXFileReference; explicitFileType = wrapper.application; includeInIndex = 0; path = Crypto.app; sourceTree = BUILT_PRODUCTS_DIR; };
		ACAC965C2A4F5F6B003445B3 /* CryptoApp.swift */ = {isa = PBXFileReference; lastKnownFileType = sourcecode.swift; path = CryptoApp.swift; sourceTree = "<group>"; };
		ACAC965E2A4F5F6B003445B3 /* ContentView.swift */ = {isa = PBXFileReference; lastKnownFileType = sourcecode.swift; path = ContentView.swift; sourceTree = "<group>"; };
		ACAC96602A4F5F6C003445B3 /* Assets.xcassets */ = {isa = PBXFileReference; lastKnownFileType = folder.assetcatalog; path = Assets.xcassets; sourceTree = "<group>"; };
		ACAC96632A4F5F6C003445B3 /* Preview Assets.xcassets */ = {isa = PBXFileReference; lastKnownFileType = folder.assetcatalog; path = "Preview Assets.xcassets"; sourceTree = "<group>"; };
		ACAC966B2A4F61D1003445B3 /* Color.swift */ = {isa = PBXFileReference; lastKnownFileType = sourcecode.swift; path = Color.swift; sourceTree = "<group>"; };
		ACAC96712A4F666C003445B3 /* HomeView.swift */ = {isa = PBXFileReference; lastKnownFileType = sourcecode.swift; path = HomeView.swift; sourceTree = "<group>"; };
		ACAC96752A4F6803003445B3 /* CircleButtonView.swift */ = {isa = PBXFileReference; lastKnownFileType = sourcecode.swift; path = CircleButtonView.swift; sourceTree = "<group>"; };
		ACAC96772A4F6C0F003445B3 /* CircleButtonAnimationView.swift */ = {isa = PBXFileReference; lastKnownFileType = sourcecode.swift; path = CircleButtonAnimationView.swift; sourceTree = "<group>"; };
		ACAC967A2A4F72D3003445B3 /* CoinModel.swift */ = {isa = PBXFileReference; lastKnownFileType = sourcecode.swift; path = CoinModel.swift; sourceTree = "<group>"; };
		ACAC967C2A4F81D8003445B3 /* CoinRowView.swift */ = {isa = PBXFileReference; lastKnownFileType = sourcecode.swift; path = CoinRowView.swift; sourceTree = "<group>"; };
		ACAC967E2A4F828A003445B3 /* PreviewProvider.swift */ = {isa = PBXFileReference; lastKnownFileType = sourcecode.swift; path = PreviewProvider.swift; sourceTree = "<group>"; };
		ACAC96802A4F885A003445B3 /* Double.swift */ = {isa = PBXFileReference; lastKnownFileType = sourcecode.swift; path = Double.swift; sourceTree = "<group>"; };
		ACAC96F92A50E0FF003445B3 /* HomeViewModel.swift */ = {isa = PBXFileReference; lastKnownFileType = sourcecode.swift; path = HomeViewModel.swift; sourceTree = "<group>"; };
		ACAC96FC2A50E961003445B3 /* CoinDataService.swift */ = {isa = PBXFileReference; lastKnownFileType = sourcecode.swift; path = CoinDataService.swift; sourceTree = "<group>"; };
/* End PBXFileReference section */

/* Begin PBXFrameworksBuildPhase section */
		ACAC96562A4F5F6B003445B3 /* Frameworks */ = {
			isa = PBXFrameworksBuildPhase;
			buildActionMask = 2147483647;
			files = (
			);
			runOnlyForDeploymentPostprocessing = 0;
		};
/* End PBXFrameworksBuildPhase section */

/* Begin PBXGroup section */
		ACAC96502A4F5F6B003445B3 = {
			isa = PBXGroup;
			children = (
				ACAC965B2A4F5F6B003445B3 /* Crypto */,
				ACAC965A2A4F5F6B003445B3 /* Products */,
			);
			sourceTree = "<group>";
		};
		ACAC965A2A4F5F6B003445B3 /* Products */ = {
			isa = PBXGroup;
			children = (
				ACAC96592A4F5F6B003445B3 /* Crypto.app */,
			);
			name = Products;
			sourceTree = "<group>";
		};
		ACAC965B2A4F5F6B003445B3 /* Crypto */ = {
			isa = PBXGroup;
			children = (
				ACAC965C2A4F5F6B003445B3 /* CryptoApp.swift */,
				ACAC965E2A4F5F6B003445B3 /* ContentView.swift */,
				ACAC96FB2A50E935003445B3 /* Services */,
				ACAC966A2A4F61B8003445B3 /* Extensions */,
				ACAC96792A4F72A6003445B3 /* Models */,
				ACAC966D2A4F65F0003445B3 /* Core */,
				ACAC96602A4F5F6C003445B3 /* Assets.xcassets */,
				ACAC96622A4F5F6C003445B3 /* Preview Content */,
			);
			path = Crypto;
			sourceTree = "<group>";
		};
		ACAC96622A4F5F6C003445B3 /* Preview Content */ = {
			isa = PBXGroup;
			children = (
				ACAC96632A4F5F6C003445B3 /* Preview Assets.xcassets */,
			);
			path = "Preview Content";
			sourceTree = "<group>";
		};
		ACAC966A2A4F61B8003445B3 /* Extensions */ = {
			isa = PBXGroup;
			children = (
				ACAC966B2A4F61D1003445B3 /* Color.swift */,
				ACAC967E2A4F828A003445B3 /* PreviewProvider.swift */,
				ACAC96802A4F885A003445B3 /* Double.swift */,
			);
			path = Extensions;
			sourceTree = "<group>";
		};
		ACAC966D2A4F65F0003445B3 /* Core */ = {
			isa = PBXGroup;
			children = (
				ACAC96732A4F67D0003445B3 /* Components */,
				ACAC966E2A4F6600003445B3 /* Home */,
			);
			path = Core;
			sourceTree = "<group>";
		};
		ACAC966E2A4F6600003445B3 /* Home */ = {
			isa = PBXGroup;
			children = (
				ACAC96702A4F6622003445B3 /* Views */,
				ACAC966F2A4F6611003445B3 /* ViewModels */,
			);
			path = Home;
			sourceTree = "<group>";
		};
		ACAC966F2A4F6611003445B3 /* ViewModels */ = {
			isa = PBXGroup;
			children = (
				ACAC96F92A50E0FF003445B3 /* HomeViewModel.swift */,
			);
			path = ViewModels;
			sourceTree = "<group>";
		};
		ACAC96702A4F6622003445B3 /* Views */ = {
			isa = PBXGroup;
			children = (
				ACAC96712A4F666C003445B3 /* HomeView.swift */,
				ACAC967C2A4F81D8003445B3 /* CoinRowView.swift */,
			);
			path = Views;
			sourceTree = "<group>";
		};
		ACAC96732A4F67D0003445B3 /* Components */ = {
			isa = PBXGroup;
			children = (
				ACAC96742A4F67E8003445B3 /* CircleButton */,
			);
			path = Components;
			sourceTree = "<group>";
		};
		ACAC96742A4F67E8003445B3 /* CircleButton */ = {
			isa = PBXGroup;
			children = (
				ACAC96752A4F6803003445B3 /* CircleButtonView.swift */,
				ACAC96772A4F6C0F003445B3 /* CircleButtonAnimationView.swift */,
			);
			path = CircleButton;
			sourceTree = "<group>";
		};
		ACAC96792A4F72A6003445B3 /* Models */ = {
			isa = PBXGroup;
			children = (
				ACAC967A2A4F72D3003445B3 /* CoinModel.swift */,
			);
			path = Models;
			sourceTree = "<group>";
		};
		ACAC96FB2A50E935003445B3 /* Services */ = {
			isa = PBXGroup;
			children = (
				ACAC96FC2A50E961003445B3 /* CoinDataService.swift */,
			);
			path = Services;
			sourceTree = "<group>";
		};
/* End PBXGroup section */

/* Begin PBXNativeTarget section */
		ACAC96582A4F5F6B003445B3 /* Crypto */ = {
			isa = PBXNativeTarget;
			buildConfigurationList = ACAC96672A4F5F6C003445B3 /* Build configuration list for PBXNativeTarget "Crypto" */;
			buildPhases = (
				ACAC96552A4F5F6B003445B3 /* Sources */,
				ACAC96562A4F5F6B003445B3 /* Frameworks */,
				ACAC96572A4F5F6B003445B3 /* Resources */,
			);
			buildRules = (
			);
			dependencies = (
			);
			name = Crypto;
			productName = Crypto;
			productReference = ACAC96592A4F5F6B003445B3 /* Crypto.app */;
			productType = "com.apple.product-type.application";
		};
/* End PBXNativeTarget section */

/* Begin PBXProject section */
		ACAC96512A4F5F6B003445B3 /* Project object */ = {
			isa = PBXProject;
			attributes = {
				BuildIndependentTargetsInParallel = 1;
				LastSwiftUpdateCheck = 1420;
				LastUpgradeCheck = 1420;
				TargetAttributes = {
					ACAC96582A4F5F6B003445B3 = {
						CreatedOnToolsVersion = 14.2;
					};
				};
			};
			buildConfigurationList = ACAC96542A4F5F6B003445B3 /* Build configuration list for PBXProject "Crypto" */;
			compatibilityVersion = "Xcode 14.0";
			developmentRegion = en;
			hasScannedForEncodings = 0;
			knownRegions = (
				en,
				Base,
			);
			mainGroup = ACAC96502A4F5F6B003445B3;
			productRefGroup = ACAC965A2A4F5F6B003445B3 /* Products */;
			projectDirPath = "";
			projectRoot = "";
			targets = (
				ACAC96582A4F5F6B003445B3 /* Crypto */,
			);
		};
/* End PBXProject section */

/* Begin PBXResourcesBuildPhase section */
		ACAC96572A4F5F6B003445B3 /* Resources */ = {
			isa = PBXResourcesBuildPhase;
			buildActionMask = 2147483647;
			files = (
				ACAC96642A4F5F6C003445B3 /* Preview Assets.xcassets in Resources */,
				ACAC96612A4F5F6C003445B3 /* Assets.xcassets in Resources */,
			);
			runOnlyForDeploymentPostprocessing = 0;
		};
/* End PBXResourcesBuildPhase section */

/* Begin PBXSourcesBuildPhase section */
		ACAC96552A4F5F6B003445B3 /* Sources */ = {
			isa = PBXSourcesBuildPhase;
			buildActionMask = 2147483647;
			files = (
				ACAC96FD2A50E961003445B3 /* CoinDataService.swift in Sources */,
				ACAC967D2A4F81D8003445B3 /* CoinRowView.swift in Sources */,
				ACAC96FA2A50E0FF003445B3 /* HomeViewModel.swift in Sources */,
				ACAC965F2A4F5F6B003445B3 /* ContentView.swift in Sources */,
				ACAC96722A4F666C003445B3 /* HomeView.swift in Sources */,
				ACAC965D2A4F5F6B003445B3 /* CryptoApp.swift in Sources */,
				ACAC96762A4F6803003445B3 /* CircleButtonView.swift in Sources */,
				ACAC966C2A4F61D1003445B3 /* Color.swift in Sources */,
				ACAC96782A4F6C0F003445B3 /* CircleButtonAnimationView.swift in Sources */,
				ACAC967F2A4F828A003445B3 /* PreviewProvider.swift in Sources */,
				ACAC96812A4F885A003445B3 /* Double.swift in Sources */,
				ACAC967B2A4F72D3003445B3 /* CoinModel.swift in Sources */,
			);
			runOnlyForDeploymentPostprocessing = 0;
		};
/* End PBXSourcesBuildPhase section */

/* Begin XCBuildConfiguration section */
		ACAC96652A4F5F6C003445B3 /* Debug */ = {
			isa = XCBuildConfiguration;
			buildSettings = {
				ALWAYS_SEARCH_USER_PATHS = NO;
				CLANG_ANALYZER_NONNULL = YES;
				CLANG_ANALYZER_NUMBER_OBJECT_CONVERSION = YES_AGGRESSIVE;
				CLANG_CXX_LANGUAGE_STANDARD = "gnu++20";
				CLANG_ENABLE_MODULES = YES;
				CLANG_ENABLE_OBJC_ARC = YES;
				CLANG_ENABLE_OBJC_WEAK = YES;
				CLANG_WARN_BLOCK_CAPTURE_AUTORELEASING = YES;
				CLANG_WARN_BOOL_CONVERSION = YES;
				CLANG_WARN_COMMA = YES;
				CLANG_WARN_CONSTANT_CONVERSION = YES;
				CLANG_WARN_DEPRECATED_OBJC_IMPLEMENTATIONS = YES;
				CLANG_WARN_DIRECT_OBJC_ISA_USAGE = YES_ERROR;
				CLANG_WARN_DOCUMENTATION_COMMENTS = YES;
				CLANG_WARN_EMPTY_BODY = YES;
				CLANG_WARN_ENUM_CONVERSION = YES;
				CLANG_WARN_INFINITE_RECURSION = YES;
				CLANG_WARN_INT_CONVERSION = YES;
				CLANG_WARN_NON_LITERAL_NULL_CONVERSION = YES;
				CLANG_WARN_OBJC_IMPLICIT_RETAIN_SELF = YES;
				CLANG_WARN_OBJC_LITERAL_CONVERSION = YES;
				CLANG_WARN_OBJC_ROOT_CLASS = YES_ERROR;
				CLANG_WARN_QUOTED_INCLUDE_IN_FRAMEWORK_HEADER = YES;
				CLANG_WARN_RANGE_LOOP_ANALYSIS = YES;
				CLANG_WARN_STRICT_PROTOTYPES = YES;
				CLANG_WARN_SUSPICIOUS_MOVE = YES;
				CLANG_WARN_UNGUARDED_AVAILABILITY = YES_AGGRESSIVE;
				CLANG_WARN_UNREACHABLE_CODE = YES;
				CLANG_WARN__DUPLICATE_METHOD_MATCH = YES;
				COPY_PHASE_STRIP = NO;
				DEBUG_INFORMATION_FORMAT = dwarf;
				ENABLE_STRICT_OBJC_MSGSEND = YES;
				ENABLE_TESTABILITY = YES;
				GCC_C_LANGUAGE_STANDARD = gnu11;
				GCC_DYNAMIC_NO_PIC = NO;
				GCC_NO_COMMON_BLOCKS = YES;
				GCC_OPTIMIZATION_LEVEL = 0;
				GCC_PREPROCESSOR_DEFINITIONS = (
					"DEBUG=1",
					"$(inherited)",
				);
				GCC_WARN_64_TO_32_BIT_CONVERSION = YES;
				GCC_WARN_ABOUT_RETURN_TYPE = YES_ERROR;
				GCC_WARN_UNDECLARED_SELECTOR = YES;
				GCC_WARN_UNINITIALIZED_AUTOS = YES_AGGRESSIVE;
				GCC_WARN_UNUSED_FUNCTION = YES;
				GCC_WARN_UNUSED_VARIABLE = YES;
				IPHONEOS_DEPLOYMENT_TARGET = 16.2;
				MTL_ENABLE_DEBUG_INFO = INCLUDE_SOURCE;
				MTL_FAST_MATH = YES;
				ONLY_ACTIVE_ARCH = YES;
				SDKROOT = iphoneos;
				SWIFT_ACTIVE_COMPILATION_CONDITIONS = DEBUG;
				SWIFT_OPTIMIZATION_LEVEL = "-Onone";
			};
			name = Debug;
		};
		ACAC96662A4F5F6C003445B3 /* Release */ = {
			isa = XCBuildConfiguration;
			buildSettings = {
				ALWAYS_SEARCH_USER_PATHS = NO;
				CLANG_ANALYZER_NONNULL = YES;
				CLANG_ANALYZER_NUMBER_OBJECT_CONVERSION = YES_AGGRESSIVE;
				CLANG_CXX_LANGUAGE_STANDARD = "gnu++20";
				CLANG_ENABLE_MODULES = YES;
				CLANG_ENABLE_OBJC_ARC = YES;
				CLANG_ENABLE_OBJC_WEAK = YES;
				CLANG_WARN_BLOCK_CAPTURE_AUTORELEASING = YES;
				CLANG_WARN_BOOL_CONVERSION = YES;
				CLANG_WARN_COMMA = YES;
				CLANG_WARN_CONSTANT_CONVERSION = YES;
				CLANG_WARN_DEPRECATED_OBJC_IMPLEMENTATIONS = YES;
				CLANG_WARN_DIRECT_OBJC_ISA_USAGE = YES_ERROR;
				CLANG_WARN_DOCUMENTATION_COMMENTS = YES;
				CLANG_WARN_EMPTY_BODY = YES;
				CLANG_WARN_ENUM_CONVERSION = YES;
				CLANG_WARN_INFINITE_RECURSION = YES;
				CLANG_WARN_INT_CONVERSION = YES;
				CLANG_WARN_NON_LITERAL_NULL_CONVERSION = YES;
				CLANG_WARN_OBJC_IMPLICIT_RETAIN_SELF = YES;
				CLANG_WARN_OBJC_LITERAL_CONVERSION = YES;
				CLANG_WARN_OBJC_ROOT_CLASS = YES_ERROR;
				CLANG_WARN_QUOTED_INCLUDE_IN_FRAMEWORK_HEADER = YES;
				CLANG_WARN_RANGE_LOOP_ANALYSIS = YES;
				CLANG_WARN_STRICT_PROTOTYPES = YES;
				CLANG_WARN_SUSPICIOUS_MOVE = YES;
				CLANG_WARN_UNGUARDED_AVAILABILITY = YES_AGGRESSIVE;
				CLANG_WARN_UNREACHABLE_CODE = YES;
				CLANG_WARN__DUPLICATE_METHOD_MATCH = YES;
				COPY_PHASE_STRIP = NO;
				DEBUG_INFORMATION_FORMAT = "dwarf-with-dsym";
				ENABLE_NS_ASSERTIONS = NO;
				ENABLE_STRICT_OBJC_MSGSEND = YES;
				GCC_C_LANGUAGE_STANDARD = gnu11;
				GCC_NO_COMMON_BLOCKS = YES;
				GCC_WARN_64_TO_32_BIT_CONVERSION = YES;
				GCC_WARN_ABOUT_RETURN_TYPE = YES_ERROR;
				GCC_WARN_UNDECLARED_SELECTOR = YES;
				GCC_WARN_UNINITIALIZED_AUTOS = YES_AGGRESSIVE;
				GCC_WARN_UNUSED_FUNCTION = YES;
				GCC_WARN_UNUSED_VARIABLE = YES;
				IPHONEOS_DEPLOYMENT_TARGET = 16.2;
				MTL_ENABLE_DEBUG_INFO = NO;
				MTL_FAST_MATH = YES;
				SDKROOT = iphoneos;
				SWIFT_COMPILATION_MODE = wholemodule;
				SWIFT_OPTIMIZATION_LEVEL = "-O";
				VALIDATE_PRODUCT = YES;
			};
			name = Release;
		};
		ACAC96682A4F5F6C003445B3 /* Debug */ = {
			isa = XCBuildConfiguration;
			buildSettings = {
				ASSETCATALOG_COMPILER_APPICON_NAME = AppIcon;
				ASSETCATALOG_COMPILER_GLOBAL_ACCENT_COLOR_NAME = AccentColor;
				CODE_SIGN_STYLE = Automatic;
				CURRENT_PROJECT_VERSION = 1;
				DEVELOPMENT_ASSET_PATHS = "\"Crypto/Preview Content\"";
				DEVELOPMENT_TEAM = 482344W3R3;
				ENABLE_PREVIEWS = YES;
				GENERATE_INFOPLIST_FILE = YES;
				INFOPLIST_KEY_CFBundleDisplayName = "Crypto Tracker";
				INFOPLIST_KEY_UIApplicationSceneManifest_Generation = YES;
				INFOPLIST_KEY_UIApplicationSupportsIndirectInputEvents = YES;
				INFOPLIST_KEY_UILaunchScreen_Generation = YES;
				INFOPLIST_KEY_UISupportedInterfaceOrientations = UIInterfaceOrientationPortrait;
				INFOPLIST_KEY_UISupportedInterfaceOrientations_iPad = "UIInterfaceOrientationLandscapeLeft UIInterfaceOrientationLandscapeRight UIInterfaceOrientationPortrait UIInterfaceOrientationPortraitUpsideDown";
				LD_RUNPATH_SEARCH_PATHS = (
					"$(inherited)",
					"@executable_path/Frameworks",
				);
				MARKETING_VERSION = 1.0;
				PRODUCT_BUNDLE_IDENTIFIER = Artemaj.Crypto;
				PRODUCT_NAME = "$(TARGET_NAME)";
				SWIFT_EMIT_LOC_STRINGS = YES;
				SWIFT_VERSION = 5.0;
				TARGETED_DEVICE_FAMILY = "1,2";
			};
			name = Debug;
		};
		ACAC96692A4F5F6C003445B3 /* Release */ = {
			isa = XCBuildConfiguration;
			buildSettings = {
				ASSETCATALOG_COMPILER_APPICON_NAME = AppIcon;
				ASSETCATALOG_COMPILER_GLOBAL_ACCENT_COLOR_NAME = AccentColor;
				CODE_SIGN_STYLE = Automatic;
				CURRENT_PROJECT_VERSION = 1;
				DEVELOPMENT_ASSET_PATHS = "\"Crypto/Preview Content\"";
				DEVELOPMENT_TEAM = 482344W3R3;
				ENABLE_PREVIEWS = YES;
				GENERATE_INFOPLIST_FILE = YES;
				INFOPLIST_KEY_CFBundleDisplayName = "Crypto Tracker";
				INFOPLIST_KEY_UIApplicationSceneManifest_Generation = YES;
				INFOPLIST_KEY_UIApplicationSupportsIndirectInputEvents = YES;
				INFOPLIST_KEY_UILaunchScreen_Generation = YES;
				INFOPLIST_KEY_UISupportedInterfaceOrientations = UIInterfaceOrientationPortrait;
				INFOPLIST_KEY_UISupportedInterfaceOrientations_iPad = "UIInterfaceOrientationLandscapeLeft UIInterfaceOrientationLandscapeRight UIInterfaceOrientationPortrait UIInterfaceOrientationPortraitUpsideDown";
				LD_RUNPATH_SEARCH_PATHS = (
					"$(inherited)",
					"@executable_path/Frameworks",
				);
				MARKETING_VERSION = 1.0;
				PRODUCT_BUNDLE_IDENTIFIER = Artemaj.Crypto;
				PRODUCT_NAME = "$(TARGET_NAME)";
				SWIFT_EMIT_LOC_STRINGS = YES;
				SWIFT_VERSION = 5.0;
				TARGETED_DEVICE_FAMILY = "1,2";
			};
			name = Release;
		};
/* End XCBuildConfiguration section */

/* Begin XCConfigurationList section */
		ACAC96542A4F5F6B003445B3 /* Build configuration list for PBXProject "Crypto" */ = {
			isa = XCConfigurationList;
			buildConfigurations = (
				ACAC96652A4F5F6C003445B3 /* Debug */,
				ACAC96662A4F5F6C003445B3 /* Release */,
			);
			defaultConfigurationIsVisible = 0;
			defaultConfigurationName = Release;
		};
		ACAC96672A4F5F6C003445B3 /* Build configuration list for PBXNativeTarget "Crypto" */ = {
			isa = XCConfigurationList;
			buildConfigurations = (
				ACAC96682A4F5F6C003445B3 /* Debug */,
				ACAC96692A4F5F6C003445B3 /* Release */,
			);
			defaultConfigurationIsVisible = 0;
			defaultConfigurationName = Release;
		};
/* End XCConfigurationList section */
	};
	rootObject = ACAC96512A4F5F6B003445B3 /* Project object */;
}
